<?xml version="1.0" encoding="utf-8"?>
<Project ToolsVersion="4.0" xmlns="http://schemas.microsoft.com/developer/msbuild/2003">
  <ItemGroup>
    <Filter Include="Pliki źródłowe">
      <UniqueIdentifier>{4FC737F1-C7A5-4376-A066-2A32D752A2FF}</UniqueIdentifier>
      <Extensions>cpp;c;cc;cxx;c++;cppm;ixx;def;odl;idl;hpj;bat;asm;asmx</Extensions>
    </Filter>
    <Filter Include="Pliki nagłówkowe">
      <UniqueIdentifier>{93995380-89BD-4b04-88EB-625FBE52EBFB}</UniqueIdentifier>
      <Extensions>h;hh;hpp;hxx;h++;hm;inl;inc;ipp;xsd</Extensions>
    </Filter>
    <Filter Include="Pliki zasobów">
      <UniqueIdentifier>{67DA6AB6-F800-4c08-8B7A-83BB121AAD01}</UniqueIdentifier>
      <Extensions>rc;ico;cur;bmp;dlg;rc2;rct;bin;rgs;gif;jpg;jpeg;jpe;resx;tiff;tif;png;wav;mfcribbon-ms</Extensions>
    </Filter>
    <Filter Include="Pliki źródłowe\Play command">
      <UniqueIdentifier>{235899bc-26cc-4eb7-9e8c-21ff6baec104}</UniqueIdentifier>
    </Filter>
    <Filter Include="Pliki źródłowe\Main and CLI">
      <UniqueIdentifier>{38c8dcb1-2184-4aa2-bc91-b8ad3bbd5916}</UniqueIdentifier>
    </Filter>
    <Filter Include="Pliki nagłówkowe\Main and CLI">
      <UniqueIdentifier>{c7ce0030-dbf1-4794-9a93-fb6d3e587064}</UniqueIdentifier>
    </Filter>
    <Filter Include="Pliki nagłówkowe\Play command">
      <UniqueIdentifier>{d9dd54b8-403b-4a2a-8faf-3abf415b7ee9}</UniqueIdentifier>
    </Filter>
  </ItemGroup>
  <ItemGroup>
    <ClCompile Include="Play.cpp">
      <Filter>Pliki źródłowe\Play command</Filter>
    </ClCompile>
    <ClCompile Include="main.cpp">
      <Filter>Pliki źródłowe\Main and CLI</Filter>
    </ClCompile>
    <ClCompile Include="CommandEntity.cpp">
      <Filter>Pliki źródłowe\Main and CLI</Filter>
    </ClCompile>
    <ClCompile Include="CliInitializator.cpp">
      <Filter>Pliki źródłowe\Main and CLI</Filter>
    </ClCompile>
    <ClCompile Include="MidiPiece.cpp">
      <Filter>Pliki źródłowe\Play command</Filter>
    </ClCompile>
    <ClCompile Include="SmpteOffset.cpp">
      <Filter>Pliki źródłowe\Play command</Filter>
    </ClCompile>
    <ClCompile Include="TimeSignature.cpp">
      <Filter>Pliki źródłowe\Play command</Filter>
    </ClCompile>
    <ClCompile Include="MidiTrack.cpp">
      <Filter>Pliki źródłowe\Play command</Filter>
    </ClCompile>
    <ClCompile Include="Validator.cpp">
      <Filter>Pliki źródłowe\Play command</Filter>
    </ClCompile>
  </ItemGroup>
  <ItemGroup>
    <ClInclude Include="resource.h">
      <Filter>Pliki nagłówkowe\Main and CLI</Filter>
    </ClInclude>
    <ClInclude Include="CliInitializator.h">
      <Filter>Pliki nagłówkowe\Main and CLI</Filter>
    </ClInclude>
    <ClInclude Include="CommandEntity.h">
      <Filter>Pliki nagłówkowe\Main and CLI</Filter>
    </ClInclude>
    <ClInclude Include="Play.h">
      <Filter>Pliki nagłówkowe\Play command</Filter>
    </ClInclude>
    <ClInclude Include="MidiPiece.h">
      <Filter>Pliki nagłówkowe\Play command</Filter>
    </ClInclude>
    <ClInclude Include="SmpteOffset.h">
      <Filter>Pliki nagłówkowe\Play command</Filter>
    </ClInclude>
    <ClInclude Include="TimeSignature.h">
      <Filter>Pliki nagłówkowe\Play command</Filter>
    </ClInclude>
    <ClInclude Include="MidiSpecificEnums.h">
      <Filter>Pliki nagłówkowe\Play command</Filter>
    </ClInclude>
    <ClInclude Include="MidiTrack.h">
      <Filter>Pliki nagłówkowe\Play command</Filter>
    </ClInclude>
    <ClInclude Include="Validator.h">
      <Filter>Pliki nagłówkowe\Play command</Filter>
    </ClInclude>
  </ItemGroup>
  <ItemGroup>
    <ResourceCompile Include="MIDI_Parser.rc">
      <Filter>Pliki zasobów</Filter>
    </ResourceCompile>
  </ItemGroup>
</Project>